
Microsoft Visual Studio Solution File, Format Version 12.00
# Visual Studio Version 17
VisualStudioVersion = 17.3.32825.248
MinimumVisualStudioVersion = 10.0.40219.1
Project("{FAE04EC0-301F-11D3-BF4B-00C04F79EFBC}") = "Exec2_Game1A2B", "Exec2_Game1A2B\Exec2_Game1A2B.csproj", "{D67AE4C1-F502-4007-B13E-60505D5CFAC4}"
EndProject
Global
	GlobalSection(SolutionConfigurationPlatforms) = preSolution
		Debug|Any CPU = Debug|Any CPU
		Release|Any CPU = Release|Any CPU
	EndGlobalSection
	GlobalSection(ProjectConfigurationPlatforms) = postSolution
		{D67AE4C1-F502-4007-B13E-60505D5CFAC4}.Debug|Any CPU.ActiveCfg = Debug|Any CPU
		{D67AE4C1-F502-4007-B13E-60505D5CFAC4}.Debug|Any CPU.Build.0 = Debug|Any CPU
		{D67AE4C1-F502-4007-B13E-60505D5CFAC4}.Release|Any CPU.ActiveCfg = Release|Any CPU
		{D67AE4C1-F502-4007-B13E-60505D5CFAC4}.Release|Any CPU.Build.0 = Release|Any CPU
	EndGlobalSection
	GlobalSection(SolutionProperties) = preSolution
		HideSolutionNode = FALSE
	EndGlobalSection
	GlobalSection(ExtensibilityGlobals) = postSolution
		SolutionGuid = {96EA70F7-08FA-441A-B054-5121C811F131}
	EndGlobalSection
EndGlobal
